// !$*UTF8*$!
{
	archiveVersion = 1;
	classes = {
	};
	objectVersion = 46;
	objects = {

/* Begin PBXBuildFile section */
		1FD944A68DF532B18818DA32 /* libPods.a in Frameworks */ = {isa = PBXBuildFile; fileRef = 0CBF2F0F98D46F64C66715DB /* libPods.a */; };
		3F0BFFBC1B625D17008C2219 /* LXDetailViewController.m in Sources */ = {isa = PBXBuildFile; fileRef = 3F0BFFBB1B625D17008C2219 /* LXDetailViewController.m */; };
		3F0BFFC01B62720B008C2219 /* LXDtViewController.m in Sources */ = {isa = PBXBuildFile; fileRef = 3F0BFFBE1B62720B008C2219 /* LXDtViewController.m */; };
		3F0BFFC11B62720B008C2219 /* LXDtViewController.xib in Resources */ = {isa = PBXBuildFile; fileRef = 3F0BFFBF1B62720B008C2219 /* LXDtViewController.xib */; };
		3F0BFFC41B627C8A008C2219 /* love.png in Resources */ = {isa = PBXBuildFile; fileRef = 3F0BFFC31B627C8A008C2219 /* love.png */; };
		3F0BFFC61B628853008C2219 /* talk.png in Resources */ = {isa = PBXBuildFile; fileRef = 3F0BFFC51B628853008C2219 /* talk.png */; };
		3F43094D1B5F3A280064A43D /* main.m in Sources */ = {isa = PBXBuildFile; fileRef = 3F43094C1B5F3A280064A43D /* main.m */; };
		3F4309581B5F3A280064A43D /* Images.xcassets in Resources */ = {isa = PBXBuildFile; fileRef = 3F4309571B5F3A280064A43D /* Images.xcassets */; };
		3F43095B1B5F3A280064A43D /* LaunchScreen.xib in Resources */ = {isa = PBXBuildFile; fileRef = 3F4309591B5F3A280064A43D /* LaunchScreen.xib */; };
		3F4309671B5F3A280064A43D /* joyTVTests.m in Sources */ = {isa = PBXBuildFile; fileRef = 3F4309661B5F3A280064A43D /* joyTVTests.m */; };
		3F5C67181B5F71A30027BC1B /* AppDelegate.m in Sources */ = {isa = PBXBuildFile; fileRef = 3F5C67171B5F71A30027BC1B /* AppDelegate.m */; };
		3F5C671E1B5F722F0027BC1B /* LXOwnerViewController.m in Sources */ = {isa = PBXBuildFile; fileRef = 3F5C671D1B5F722F0027BC1B /* LXOwnerViewController.m */; };
		3F5C67211B5F72880027BC1B /* LXIndexViewController.m in Sources */ = {isa = PBXBuildFile; fileRef = 3F5C67201B5F72880027BC1B /* LXIndexViewController.m */; };
		3F5C67241B5F72C50027BC1B /* LXHotViewController.m in Sources */ = {isa = PBXBuildFile; fileRef = 3F5C67231B5F72C50027BC1B /* LXHotViewController.m */; };
		3F5C672B1B5F74500027BC1B /* LXTabBarController.m in Sources */ = {isa = PBXBuildFile; fileRef = 3F5C672A1B5F74500027BC1B /* LXTabBarController.m */; };
		3F5C67311B5F74BB0027BC1B /* LXNavigationController.m in Sources */ = {isa = PBXBuildFile; fileRef = 3F5C67301B5F74BB0027BC1B /* LXNavigationController.m */; };
		3F5C67351B5F75D20027BC1B /* owner.png in Resources */ = {isa = PBXBuildFile; fileRef = 3F5C67341B5F75D20027BC1B /* owner.png */; };
		3F66DBD61B5FC8D700FD510E /* LXSegmentedControl.m in Sources */ = {isa = PBXBuildFile; fileRef = 3F66DBD51B5FC8D700FD510E /* LXSegmentedControl.m */; };
		3F784D561B649CA400F5FA7B /* AVFoundation.framework in Frameworks */ = {isa = PBXBuildFile; fileRef = 3F784D551B649CA400F5FA7B /* AVFoundation.framework */; };
		3F784D581B649CB700F5FA7B /* MediaPlayer.framework in Frameworks */ = {isa = PBXBuildFile; fileRef = 3F784D571B649CB700F5FA7B /* MediaPlayer.framework */; };
		3F784D5A1B64B60D00F5FA7B /* aaa.mp4 in Resources */ = {isa = PBXBuildFile; fileRef = 3F784D591B64B60D00F5FA7B /* aaa.mp4 */; };
		3F784D5D1B64C7BD00F5FA7B /* LXPlayerView.m in Sources */ = {isa = PBXBuildFile; fileRef = 3F784D5C1B64C7BD00F5FA7B /* LXPlayerView.m */; };
		3F784D601B64C8B200F5FA7B /* PlayerView.m in Sources */ = {isa = PBXBuildFile; fileRef = 3F784D5F1B64C8B200F5FA7B /* PlayerView.m */; };
		3F7F9F421B65D9AF00E3C79A /* collect.png in Resources */ = {isa = PBXBuildFile; fileRef = 3F7F9F3F1B65D9AF00E3C79A /* collect.png */; };
		3F7F9F431B65D9AF00E3C79A /* forward.png in Resources */ = {isa = PBXBuildFile; fileRef = 3F7F9F401B65D9AF00E3C79A /* forward.png */; };
		3F7F9F441B65D9AF00E3C79A /* love1.png in Resources */ = {isa = PBXBuildFile; fileRef = 3F7F9F411B65D9AF00E3C79A /* love1.png */; };
		3FAAB58A1B607E61006656FA /* LXSegmentControl.m in Sources */ = {isa = PBXBuildFile; fileRef = 3FAAB5891B607E61006656FA /* LXSegmentControl.m */; };
		3FAAB5971B608C87006656FA /* LXHotCollectView.m in Sources */ = {isa = PBXBuildFile; fileRef = 3FAAB5961B608C87006656FA /* LXHotCollectView.m */; };
		3FAAB59A1B60C6EC006656FA /* LXMovieModel.m in Sources */ = {isa = PBXBuildFile; fileRef = 3FAAB5991B60C6EC006656FA /* LXMovieModel.m */; };
		3FAAB59D1B60D405006656FA /* LXUser.m in Sources */ = {isa = PBXBuildFile; fileRef = 3FAAB59C1B60D405006656FA /* LXUser.m */; };
		3FAAB5A41B60D951006656FA /* LXHotCollectionViewCell.m in Sources */ = {isa = PBXBuildFile; fileRef = 3FAAB5A21B60D951006656FA /* LXHotCollectionViewCell.m */; };
		3FAAB5A51B60D951006656FA /* LXHotCollectionViewCell.xib in Resources */ = {isa = PBXBuildFile; fileRef = 3FAAB5A31B60D951006656FA /* LXHotCollectionViewCell.xib */; };
/* End PBXBuildFile section */

/* Begin PBXContainerItemProxy section */
		3F4309611B5F3A280064A43D /* PBXContainerItemProxy */ = {
			isa = PBXContainerItemProxy;
			containerPortal = 3F43093F1B5F3A280064A43D /* Project object */;
			proxyType = 1;
			remoteGlobalIDString = 3F4309461B5F3A280064A43D;
			remoteInfo = joyTV;
		};
/* End PBXContainerItemProxy section */

/* Begin PBXFileReference section */
		0CBF2F0F98D46F64C66715DB /* libPods.a */ = {isa = PBXFileReference; explicitFileType = archive.ar; includeInIndex = 0; path = libPods.a; sourceTree = BUILT_PRODUCTS_DIR; };
		3F0BFFBA1B625D17008C2219 /* LXDetailViewController.h */ = {isa = PBXFileReference; fileEncoding = 4; lastKnownFileType = sourcecode.c.h; path = LXDetailViewController.h; sourceTree = "<group>"; };
		3F0BFFBB1B625D17008C2219 /* LXDetailViewController.m */ = {isa = PBXFileReference; fileEncoding = 4; lastKnownFileType = sourcecode.c.objc; path = LXDetailViewController.m; sourceTree = "<group>"; };
		3F0BFFBD1B62720B008C2219 /* LXDtViewController.h */ = {isa = PBXFileReference; fileEncoding = 4; lastKnownFileType = sourcecode.c.h; path = LXDtViewController.h; sourceTree = "<group>"; };
		3F0BFFBE1B62720B008C2219 /* LXDtViewController.m */ = {isa = PBXFileReference; fileEncoding = 4; lastKnownFileType = sourcecode.c.objc; path = LXDtViewController.m; sourceTree = "<group>"; };
		3F0BFFBF1B62720B008C2219 /* LXDtViewController.xib */ = {isa = PBXFileReference; fileEncoding = 4; lastKnownFileType = file.xib; path = LXDtViewController.xib; sourceTree = "<group>"; };
		3F0BFFC31B627C8A008C2219 /* love.png */ = {isa = PBXFileReference; lastKnownFileType = image.png; path = love.png; sourceTree = "<group>"; };
		3F0BFFC51B628853008C2219 /* talk.png */ = {isa = PBXFileReference; lastKnownFileType = image.png; path = talk.png; sourceTree = "<group>"; };
		3F4309471B5F3A280064A43D /* joyTV.app */ = {isa = PBXFileReference; explicitFileType = wrapper.application; includeInIndex = 0; path = joyTV.app; sourceTree = BUILT_PRODUCTS_DIR; };
		3F43094B1B5F3A280064A43D /* Info.plist */ = {isa = PBXFileReference; lastKnownFileType = text.plist.xml; path = Info.plist; sourceTree = "<group>"; };
		3F43094C1B5F3A280064A43D /* main.m */ = {isa = PBXFileReference; lastKnownFileType = sourcecode.c.objc; path = main.m; sourceTree = "<group>"; };
		3F4309571B5F3A280064A43D /* Images.xcassets */ = {isa = PBXFileReference; lastKnownFileType = folder.assetcatalog; path = Images.xcassets; sourceTree = "<group>"; };
		3F43095A1B5F3A280064A43D /* Base */ = {isa = PBXFileReference; lastKnownFileType = file.xib; name = Base; path = Base.lproj/LaunchScreen.xib; sourceTree = "<group>"; };
		3F4309601B5F3A280064A43D /* joyTVTests.xctest */ = {isa = PBXFileReference; explicitFileType = wrapper.cfbundle; includeInIndex = 0; path = joyTVTests.xctest; sourceTree = BUILT_PRODUCTS_DIR; };
		3F4309651B5F3A280064A43D /* Info.plist */ = {isa = PBXFileReference; lastKnownFileType = text.plist.xml; path = Info.plist; sourceTree = "<group>"; };
		3F4309661B5F3A280064A43D /* joyTVTests.m */ = {isa = PBXFileReference; lastKnownFileType = sourcecode.c.objc; path = joyTVTests.m; sourceTree = "<group>"; };
		3F5C67161B5F71A30027BC1B /* AppDelegate.h */ = {isa = PBXFileReference; fileEncoding = 4; lastKnownFileType = sourcecode.c.h; path = AppDelegate.h; sourceTree = "<group>"; };
		3F5C67171B5F71A30027BC1B /* AppDelegate.m */ = {isa = PBXFileReference; fileEncoding = 4; lastKnownFileType = sourcecode.c.objc; path = AppDelegate.m; sourceTree = "<group>"; };
		3F5C671C1B5F722F0027BC1B /* LXOwnerViewController.h */ = {isa = PBXFileReference; fileEncoding = 4; lastKnownFileType = sourcecode.c.h; path = LXOwnerViewController.h; sourceTree = "<group>"; };
		3F5C671D1B5F722F0027BC1B /* LXOwnerViewController.m */ = {isa = PBXFileReference; fileEncoding = 4; lastKnownFileType = sourcecode.c.objc; path = LXOwnerViewController.m; sourceTree = "<group>"; };
		3F5C671F1B5F72880027BC1B /* LXIndexViewController.h */ = {isa = PBXFileReference; fileEncoding = 4; lastKnownFileType = sourcecode.c.h; path = LXIndexViewController.h; sourceTree = "<group>"; };
		3F5C67201B5F72880027BC1B /* LXIndexViewController.m */ = {isa = PBXFileReference; fileEncoding = 4; lastKnownFileType = sourcecode.c.objc; path = LXIndexViewController.m; sourceTree = "<group>"; };
		3F5C67221B5F72C50027BC1B /* LXHotViewController.h */ = {isa = PBXFileReference; fileEncoding = 4; lastKnownFileType = sourcecode.c.h; path = LXHotViewController.h; sourceTree = "<group>"; };
		3F5C67231B5F72C50027BC1B /* LXHotViewController.m */ = {isa = PBXFileReference; fileEncoding = 4; lastKnownFileType = sourcecode.c.objc; path = LXHotViewController.m; sourceTree = "<group>"; };
		3F5C67291B5F74500027BC1B /* LXTabBarController.h */ = {isa = PBXFileReference; fileEncoding = 4; lastKnownFileType = sourcecode.c.h; path = LXTabBarController.h; sourceTree = "<group>"; };
		3F5C672A1B5F74500027BC1B /* LXTabBarController.m */ = {isa = PBXFileReference; fileEncoding = 4; lastKnownFileType = sourcecode.c.objc; path = LXTabBarController.m; sourceTree = "<group>"; };
		3F5C672F1B5F74BB0027BC1B /* LXNavigationController.h */ = {isa = PBXFileReference; fileEncoding = 4; lastKnownFileType = sourcecode.c.h; path = LXNavigationController.h; sourceTree = "<group>"; };
		3F5C67301B5F74BB0027BC1B /* LXNavigationController.m */ = {isa = PBXFileReference; fileEncoding = 4; lastKnownFileType = sourcecode.c.objc; path = LXNavigationController.m; sourceTree = "<group>"; };
		3F5C67341B5F75D20027BC1B /* owner.png */ = {isa = PBXFileReference; lastKnownFileType = image.png; path = owner.png; sourceTree = "<group>"; };
		3F66DBD41B5FC8D700FD510E /* LXSegmentedControl.h */ = {isa = PBXFileReference; fileEncoding = 4; lastKnownFileType = sourcecode.c.h; path = LXSegmentedControl.h; sourceTree = "<group>"; };
		3F66DBD51B5FC8D700FD510E /* LXSegmentedControl.m */ = {isa = PBXFileReference; fileEncoding = 4; lastKnownFileType = sourcecode.c.objc; path = LXSegmentedControl.m; sourceTree = "<group>"; };
		3F784D551B649CA400F5FA7B /* AVFoundation.framework */ = {isa = PBXFileReference; lastKnownFileType = wrapper.framework; name = AVFoundation.framework; path = System/Library/Frameworks/AVFoundation.framework; sourceTree = SDKROOT; };
		3F784D571B649CB700F5FA7B /* MediaPlayer.framework */ = {isa = PBXFileReference; lastKnownFileType = wrapper.framework; name = MediaPlayer.framework; path = System/Library/Frameworks/MediaPlayer.framework; sourceTree = SDKROOT; };
		3F784D591B64B60D00F5FA7B /* aaa.mp4 */ = {isa = PBXFileReference; lastKnownFileType = file; path = aaa.mp4; sourceTree = "<group>"; };
		3F784D5B1B64C7BD00F5FA7B /* LXPlayerView.h */ = {isa = PBXFileReference; fileEncoding = 4; lastKnownFileType = sourcecode.c.h; path = LXPlayerView.h; sourceTree = "<group>"; };
		3F784D5C1B64C7BD00F5FA7B /* LXPlayerView.m */ = {isa = PBXFileReference; fileEncoding = 4; lastKnownFileType = sourcecode.c.objc; path = LXPlayerView.m; sourceTree = "<group>"; };
		3F784D5E1B64C8B200F5FA7B /* PlayerView.h */ = {isa = PBXFileReference; fileEncoding = 4; lastKnownFileType = sourcecode.c.h; path = PlayerView.h; sourceTree = "<group>"; };
		3F784D5F1B64C8B200F5FA7B /* PlayerView.m */ = {isa = PBXFileReference; fileEncoding = 4; lastKnownFileType = sourcecode.c.objc; path = PlayerView.m; sourceTree = "<group>"; };
		3F7F9F3F1B65D9AF00E3C79A /* collect.png */ = {isa = PBXFileReference; lastKnownFileType = image.png; path = collect.png; sourceTree = "<group>"; };
		3F7F9F401B65D9AF00E3C79A /* forward.png */ = {isa = PBXFileReference; lastKnownFileType = image.png; path = forward.png; sourceTree = "<group>"; };
		3F7F9F411B65D9AF00E3C79A /* love1.png */ = {isa = PBXFileReference; lastKnownFileType = image.png; path = love1.png; sourceTree = "<group>"; };
		3FAAB5881B607E61006656FA /* LXSegmentControl.h */ = {isa = PBXFileReference; fileEncoding = 4; lastKnownFileType = sourcecode.c.h; path = LXSegmentControl.h; sourceTree = "<group>"; };
		3FAAB5891B607E61006656FA /* LXSegmentControl.m */ = {isa = PBXFileReference; fileEncoding = 4; lastKnownFileType = sourcecode.c.objc; path = LXSegmentControl.m; sourceTree = "<group>"; };
		3FAAB5951B608C87006656FA /* LXHotCollectView.h */ = {isa = PBXFileReference; fileEncoding = 4; lastKnownFileType = sourcecode.c.h; path = LXHotCollectView.h; sourceTree = "<group>"; };
		3FAAB5961B608C87006656FA /* LXHotCollectView.m */ = {isa = PBXFileReference; fileEncoding = 4; lastKnownFileType = sourcecode.c.objc; path = LXHotCollectView.m; sourceTree = "<group>"; };
		3FAAB5981B60C6EC006656FA /* LXMovieModel.h */ = {isa = PBXFileReference; fileEncoding = 4; lastKnownFileType = sourcecode.c.h; path = LXMovieModel.h; sourceTree = "<group>"; };
		3FAAB5991B60C6EC006656FA /* LXMovieModel.m */ = {isa = PBXFileReference; fileEncoding = 4; lastKnownFileType = sourcecode.c.objc; path = LXMovieModel.m; sourceTree = "<group>"; };
		3FAAB59B1B60D405006656FA /* LXUser.h */ = {isa = PBXFileReference; fileEncoding = 4; lastKnownFileType = sourcecode.c.h; path = LXUser.h; sourceTree = "<group>"; };
		3FAAB59C1B60D405006656FA /* LXUser.m */ = {isa = PBXFileReference; fileEncoding = 4; lastKnownFileType = sourcecode.c.objc; path = LXUser.m; sourceTree = "<group>"; };
		3FAAB5A11B60D951006656FA /* LXHotCollectionViewCell.h */ = {isa = PBXFileReference; fileEncoding = 4; lastKnownFileType = sourcecode.c.h; path = LXHotCollectionViewCell.h; sourceTree = "<group>"; };
		3FAAB5A21B60D951006656FA /* LXHotCollectionViewCell.m */ = {isa = PBXFileReference; fileEncoding = 4; lastKnownFileType = sourcecode.c.objc; path = LXHotCollectionViewCell.m; sourceTree = "<group>"; };
		3FAAB5A31B60D951006656FA /* LXHotCollectionViewCell.xib */ = {isa = PBXFileReference; fileEncoding = 4; lastKnownFileType = file.xib; path = LXHotCollectionViewCell.xib; sourceTree = "<group>"; };
		4E7EBEBB84D30B8162713621 /* Pods.debug.xcconfig */ = {isa = PBXFileReference; includeInIndex = 1; lastKnownFileType = text.xcconfig; name = Pods.debug.xcconfig; path = "Pods/Target Support Files/Pods/Pods.debug.xcconfig"; sourceTree = "<group>"; };
		81A10B3DA3DFE53B3E6F4259 /* Pods.release.xcconfig */ = {isa = PBXFileReference; includeInIndex = 1; lastKnownFileType = text.xcconfig; name = Pods.release.xcconfig; path = "Pods/Target Support Files/Pods/Pods.release.xcconfig"; sourceTree = "<group>"; };
/* End PBXFileReference section */

/* Begin PBXFrameworksBuildPhase section */
		3F4309441B5F3A280064A43D /* Frameworks */ = {
			isa = PBXFrameworksBuildPhase;
			buildActionMask = 2147483647;
			files = (
				3F784D581B649CB700F5FA7B /* MediaPlayer.framework in Frameworks */,
				3F784D561B649CA400F5FA7B /* AVFoundation.framework in Frameworks */,
				1FD944A68DF532B18818DA32 /* libPods.a in Frameworks */,
			);
			runOnlyForDeploymentPostprocessing = 0;
		};
		3F43095D1B5F3A280064A43D /* Frameworks */ = {
			isa = PBXFrameworksBuildPhase;
			buildActionMask = 2147483647;
			files = (
			);
			runOnlyForDeploymentPostprocessing = 0;
		};
/* End PBXFrameworksBuildPhase section */

/* Begin PBXGroup section */
		3F0BFFC21B627C8A008C2219 /* DetailVC */ = {
			isa = PBXGroup;
			children = (
				3F7F9F3F1B65D9AF00E3C79A /* collect.png */,
				3F7F9F401B65D9AF00E3C79A /* forward.png */,
				3F7F9F411B65D9AF00E3C79A /* love1.png */,
				3F0BFFC51B628853008C2219 /* talk.png */,
				3F0BFFC31B627C8A008C2219 /* love.png */,
			);
			path = DetailVC;
			sourceTree = "<group>";
		};
		3F43093E1B5F3A280064A43D = {
			isa = PBXGroup;
			children = (
				3F4309491B5F3A280064A43D /* joyTV */,
				3F4309631B5F3A280064A43D /* joyTVTests */,
				3F4309481B5F3A280064A43D /* Products */,
				D4483762DABC2161A0B82ABC /* Pods */,
				F6EF1F50D19D3081BF06A2E8 /* Frameworks */,
			);
			sourceTree = "<group>";
		};
		3F4309481B5F3A280064A43D /* Products */ = {
			isa = PBXGroup;
			children = (
				3F4309471B5F3A280064A43D /* joyTV.app */,
				3F4309601B5F3A280064A43D /* joyTVTests.xctest */,
			);
			name = Products;
			sourceTree = "<group>";
		};
		3F4309491B5F3A280064A43D /* joyTV */ = {
			isa = PBXGroup;
			children = (
				3F5C67321B5F75D20027BC1B /* image */,
				3F5C67101B5F71A30027BC1B /* classes */,
				3F5C67151B5F71A30027BC1B /* tool */,
				3F4309571B5F3A280064A43D /* Images.xcassets */,
				3F4309591B5F3A280064A43D /* LaunchScreen.xib */,
				3F43094A1B5F3A280064A43D /* Supporting Files */,
			);
			path = joyTV;
			sourceTree = "<group>";
		};
		3F43094A1B5F3A280064A43D /* Supporting Files */ = {
			isa = PBXGroup;
			children = (
				3F43094B1B5F3A280064A43D /* Info.plist */,
				3F43094C1B5F3A280064A43D /* main.m */,
			);
			name = "Supporting Files";
			sourceTree = "<group>";
		};
		3F4309631B5F3A280064A43D /* joyTVTests */ = {
			isa = PBXGroup;
			children = (
				3F4309661B5F3A280064A43D /* joyTVTests.m */,
				3F4309641B5F3A280064A43D /* Supporting Files */,
			);
			path = joyTVTests;
			sourceTree = "<group>";
		};
		3F4309641B5F3A280064A43D /* Supporting Files */ = {
			isa = PBXGroup;
			children = (
				3F4309651B5F3A280064A43D /* Info.plist */,
			);
			name = "Supporting Files";
			sourceTree = "<group>";
		};
		3F5C67101B5F71A30027BC1B /* classes */ = {
			isa = PBXGroup;
			children = (
				3FAAB5941B608C87006656FA /* View */,
				3F5C67281B5F74500027BC1B /* common */,
				3F5C67121B5F71A30027BC1B /* controller */,
				3F5C67131B5F71A30027BC1B /* Model */,
			);
			path = classes;
			sourceTree = "<group>";
		};
		3F5C67121B5F71A30027BC1B /* controller */ = {
			isa = PBXGroup;
			children = (
				3F5C671C1B5F722F0027BC1B /* LXOwnerViewController.h */,
				3F5C671D1B5F722F0027BC1B /* LXOwnerViewController.m */,
				3F5C671F1B5F72880027BC1B /* LXIndexViewController.h */,
				3F5C67201B5F72880027BC1B /* LXIndexViewController.m */,
				3F5C67221B5F72C50027BC1B /* LXHotViewController.h */,
				3F5C67231B5F72C50027BC1B /* LXHotViewController.m */,
				3F0BFFBA1B625D17008C2219 /* LXDetailViewController.h */,
				3F0BFFBB1B625D17008C2219 /* LXDetailViewController.m */,
				3F0BFFBD1B62720B008C2219 /* LXDtViewController.h */,
				3F0BFFBE1B62720B008C2219 /* LXDtViewController.m */,
				3F0BFFBF1B62720B008C2219 /* LXDtViewController.xib */,
			);
			path = controller;
			sourceTree = "<group>";
		};
		3F5C67131B5F71A30027BC1B /* Model */ = {
			isa = PBXGroup;
			children = (
				3FAAB5981B60C6EC006656FA /* LXMovieModel.h */,
				3FAAB5991B60C6EC006656FA /* LXMovieModel.m */,
				3FAAB59B1B60D405006656FA /* LXUser.h */,
				3FAAB59C1B60D405006656FA /* LXUser.m */,
			);
			path = Model;
			sourceTree = "<group>";
		};
		3F5C67151B5F71A30027BC1B /* tool */ = {
			isa = PBXGroup;
			children = (
				3FAAB5871B607E61006656FA /* CusomSegment */,
				3F5C67161B5F71A30027BC1B /* AppDelegate.h */,
				3F5C67171B5F71A30027BC1B /* AppDelegate.m */,
			);
			path = tool;
			sourceTree = "<group>";
		};
		3F5C67281B5F74500027BC1B /* common */ = {
			isa = PBXGroup;
			children = (
				3F5C67291B5F74500027BC1B /* LXTabBarController.h */,
				3F5C672A1B5F74500027BC1B /* LXTabBarController.m */,
				3F5C672F1B5F74BB0027BC1B /* LXNavigationController.h */,
				3F5C67301B5F74BB0027BC1B /* LXNavigationController.m */,
				3F66DBD41B5FC8D700FD510E /* LXSegmentedControl.h */,
				3F66DBD51B5FC8D700FD510E /* LXSegmentedControl.m */,
			);
			path = common;
			sourceTree = "<group>";
		};
		3F5C67321B5F75D20027BC1B /* image */ = {
			isa = PBXGroup;
			children = (
				3F784D591B64B60D00F5FA7B /* aaa.mp4 */,
				3F0BFFC21B627C8A008C2219 /* DetailVC */,
				3F5C67331B5F75D20027BC1B /* tabbar */,
			);
			path = image;
			sourceTree = "<group>";
		};
		3F5C67331B5F75D20027BC1B /* tabbar */ = {
			isa = PBXGroup;
			children = (
				3F5C67341B5F75D20027BC1B /* owner.png */,
			);
			path = tabbar;
			sourceTree = "<group>";
		};
		3FAAB5871B607E61006656FA /* CusomSegment */ = {
			isa = PBXGroup;
			children = (
				3FAAB5881B607E61006656FA /* LXSegmentControl.h */,
				3FAAB5891B607E61006656FA /* LXSegmentControl.m */,
			);
			path = CusomSegment;
			sourceTree = "<group>";
		};
		3FAAB5941B608C87006656FA /* View */ = {
			isa = PBXGroup;
			children = (
				3F784D5E1B64C8B200F5FA7B /* PlayerView.h */,
				3F784D5F1B64C8B200F5FA7B /* PlayerView.m */,
				3FAAB5951B608C87006656FA /* LXHotCollectView.h */,
				3FAAB5961B608C87006656FA /* LXHotCollectView.m */,
				3FAAB5A11B60D951006656FA /* LXHotCollectionViewCell.h */,
				3FAAB5A21B60D951006656FA /* LXHotCollectionViewCell.m */,
				3FAAB5A31B60D951006656FA /* LXHotCollectionViewCell.xib */,
				3F784D5B1B64C7BD00F5FA7B /* LXPlayerView.h */,
				3F784D5C1B64C7BD00F5FA7B /* LXPlayerView.m */,
			);
			path = View;
			sourceTree = "<group>";
		};
		D4483762DABC2161A0B82ABC /* Pods */ = {
			isa = PBXGroup;
			children = (
				4E7EBEBB84D30B8162713621 /* Pods.debug.xcconfig */,
				81A10B3DA3DFE53B3E6F4259 /* Pods.release.xcconfig */,
			);
			name = Pods;
			sourceTree = "<group>";
		};
		F6EF1F50D19D3081BF06A2E8 /* Frameworks */ = {
			isa = PBXGroup;
			children = (
				3F784D571B649CB700F5FA7B /* MediaPlayer.framework */,
				3F784D551B649CA400F5FA7B /* AVFoundation.framework */,
				0CBF2F0F98D46F64C66715DB /* libPods.a */,
			);
			name = Frameworks;
			sourceTree = "<group>";
		};
/* End PBXGroup section */

/* Begin PBXNativeTarget section */
		3F4309461B5F3A280064A43D /* joyTV */ = {
			isa = PBXNativeTarget;
			buildConfigurationList = 3F43096A1B5F3A280064A43D /* Build configuration list for PBXNativeTarget "joyTV" */;
			buildPhases = (
				B86D899D0D04425CFA9F3931 /* Check Pods Manifest.lock */,
				3F4309431B5F3A280064A43D /* Sources */,
				3F4309441B5F3A280064A43D /* Frameworks */,
				3F4309451B5F3A280064A43D /* Resources */,
				796DC805CF2513D6155C01B1 /* Copy Pods Resources */,
			);
			buildRules = (
			);
			dependencies = (
			);
			name = joyTV;
			productName = joyTV;
			productReference = 3F4309471B5F3A280064A43D /* joyTV.app */;
			productType = "com.apple.product-type.application";
		};
		3F43095F1B5F3A280064A43D /* joyTVTests */ = {
			isa = PBXNativeTarget;
			buildConfigurationList = 3F43096D1B5F3A280064A43D /* Build configuration list for PBXNativeTarget "joyTVTests" */;
			buildPhases = (
				3F43095C1B5F3A280064A43D /* Sources */,
				3F43095D1B5F3A280064A43D /* Frameworks */,
				3F43095E1B5F3A280064A43D /* Resources */,
			);
			buildRules = (
			);
			dependencies = (
				3F4309621B5F3A280064A43D /* PBXTargetDependency */,
			);
			name = joyTVTests;
			productName = joyTVTests;
			productReference = 3F4309601B5F3A280064A43D /* joyTVTests.xctest */;
			productType = "com.apple.product-type.bundle.unit-test";
		};
/* End PBXNativeTarget section */

/* Begin PBXProject section */
		3F43093F1B5F3A280064A43D /* Project object */ = {
			isa = PBXProject;
			attributes = {
				CLASSPREFIX = LX;
				LastUpgradeCheck = 0640;
				ORGANIZATIONNAME = hastar;
				TargetAttributes = {
					3F4309461B5F3A280064A43D = {
						CreatedOnToolsVersion = 6.4;
					};
					3F43095F1B5F3A280064A43D = {
						CreatedOnToolsVersion = 6.4;
						TestTargetID = 3F4309461B5F3A280064A43D;
					};
				};
			};
			buildConfigurationList = 3F4309421B5F3A280064A43D /* Build configuration list for PBXProject "joyTV" */;
			compatibilityVersion = "Xcode 3.2";
			developmentRegion = English;
			hasScannedForEncodings = 0;
			knownRegions = (
				en,
				Base,
			);
			mainGroup = 3F43093E1B5F3A280064A43D;
			productRefGroup = 3F4309481B5F3A280064A43D /* Products */;
			projectDirPath = "";
			projectRoot = "";
			targets = (
				3F4309461B5F3A280064A43D /* joyTV */,
				3F43095F1B5F3A280064A43D /* joyTVTests */,
			);
		};
/* End PBXProject section */

/* Begin PBXResourcesBuildPhase section */
		3F4309451B5F3A280064A43D /* Resources */ = {
			isa = PBXResourcesBuildPhase;
			buildActionMask = 2147483647;
			files = (
				3F0BFFC61B628853008C2219 /* talk.png in Resources */,
				3F784D5A1B64B60D00F5FA7B /* aaa.mp4 in Resources */,
				3F0BFFC11B62720B008C2219 /* LXDtViewController.xib in Resources */,
				3F43095B1B5F3A280064A43D /* LaunchScreen.xib in Resources */,
				3F7F9F421B65D9AF00E3C79A /* collect.png in Resources */,
				3F5C67351B5F75D20027BC1B /* owner.png in Resources */,
				3F7F9F441B65D9AF00E3C79A /* love1.png in Resources */,
				3FAAB5A51B60D951006656FA /* LXHotCollectionViewCell.xib in Resources */,
				3F4309581B5F3A280064A43D /* Images.xcassets in Resources */,
				3F0BFFC41B627C8A008C2219 /* love.png in Resources */,
				3F7F9F431B65D9AF00E3C79A /* forward.png in Resources */,
			);
			runOnlyForDeploymentPostprocessing = 0;
		};
		3F43095E1B5F3A280064A43D /* Resources */ = {
			isa = PBXResourcesBuildPhase;
			buildActionMask = 2147483647;
			files = (
			);
			runOnlyForDeploymentPostprocessing = 0;
		};
/* End PBXResourcesBuildPhase section */

/* Begin PBXShellScriptBuildPhase section */
		796DC805CF2513D6155C01B1 /* Copy Pods Resources */ = {
			isa = PBXShellScriptBuildPhase;
			buildActionMask = 2147483647;
			files = (
			);
			inputPaths = (
			);
			name = "Copy Pods Resources";
			outputPaths = (
			);
			runOnlyForDeploymentPostprocessing = 0;
			shellPath = /bin/sh;
			shellScript = "\"${SRCROOT}/Pods/Target Support Files/Pods/Pods-resources.sh\"\n";
			showEnvVarsInLog = 0;
		};
		B86D899D0D04425CFA9F3931 /* Check Pods Manifest.lock */ = {
			isa = PBXShellScriptBuildPhase;
			buildActionMask = 2147483647;
			files = (
			);
			inputPaths = (
			);
			name = "Check Pods Manifest.lock";
			outputPaths = (
			);
			runOnlyForDeploymentPostprocessing = 0;
			shellPath = /bin/sh;
			shellScript = "diff \"${PODS_ROOT}/../Podfile.lock\" \"${PODS_ROOT}/Manifest.lock\" > /dev/null\nif [[ $? != 0 ]] ; then\n    cat << EOM\nerror: The sandbox is not in sync with the Podfile.lock. Run 'pod install' or update your CocoaPods installation.\nEOM\n    exit 1\nfi\n";
			showEnvVarsInLog = 0;
		};
/* End PBXShellScriptBuildPhase section */

/* Begin PBXSourcesBuildPhase section */
		3F4309431B5F3A280064A43D /* Sources */ = {
			isa = PBXSourcesBuildPhase;
			buildActionMask = 2147483647;
			files = (
				3F5C67211B5F72880027BC1B /* LXIndexViewController.m in Sources */,
				3FAAB5971B608C87006656FA /* LXHotCollectView.m in Sources */,
				3FAAB58A1B607E61006656FA /* LXSegmentControl.m in Sources */,
				3F5C671E1B5F722F0027BC1B /* LXOwnerViewController.m in Sources */,
				3F5C67311B5F74BB0027BC1B /* LXNavigationController.m in Sources */,
				3F784D5D1B64C7BD00F5FA7B /* LXPlayerView.m in Sources */,
				3F5C67181B5F71A30027BC1B /* AppDelegate.m in Sources */,
				3F43094D1B5F3A280064A43D /* main.m in Sources */,
				3FAAB5A41B60D951006656FA /* LXHotCollectionViewCell.m in Sources */,
				3F5C67241B5F72C50027BC1B /* LXHotViewController.m in Sources */,
				3F0BFFC01B62720B008C2219 /* LXDtViewController.m in Sources */,
				3F0BFFBC1B625D17008C2219 /* LXDetailViewController.m in Sources */,
				3FAAB59A1B60C6EC006656FA /* LXMovieModel.m in Sources */,
				3F5C672B1B5F74500027BC1B /* LXTabBarController.m in Sources */,
				3FAAB59D1B60D405006656FA /* LXUser.m in Sources */,
				3F784D601B64C8B200F5FA7B /* PlayerView.m in Sources */,
				3F66DBD61B5FC8D700FD510E /* LXSegmentedControl.m in Sources */,
			);
			runOnlyForDeploymentPostprocessing = 0;
		};
		3F43095C1B5F3A280064A43D /* Sources */ = {
			isa = PBXSourcesBuildPhase;
			buildActionMask = 2147483647;
			files = (
				3F4309671B5F3A280064A43D /* joyTVTests.m in Sources */,
			);
			runOnlyForDeploymentPostprocessing = 0;
		};
/* End PBXSourcesBuildPhase section */

/* Begin PBXTargetDependency section */
		3F4309621B5F3A280064A43D /* PBXTargetDependency */ = {
			isa = PBXTargetDependency;
			target = 3F4309461B5F3A280064A43D /* joyTV */;
			targetProxy = 3F4309611B5F3A280064A43D /* PBXContainerItemProxy */;
		};
/* End PBXTargetDependency section */

/* Begin PBXVariantGroup section */
		3F4309591B5F3A280064A43D /* LaunchScreen.xib */ = {
			isa = PBXVariantGroup;
			children = (
				3F43095A1B5F3A280064A43D /* Base */,
			);
			name = LaunchScreen.xib;
			sourceTree = "<group>";
		};
/* End PBXVariantGroup section */

/* Begin XCBuildConfiguration section */
		3F4309681B5F3A280064A43D /* Debug */ = {
			isa = XCBuildConfiguration;
			buildSettings = {
				ALWAYS_SEARCH_USER_PATHS = NO;
				CLANG_CXX_LANGUAGE_STANDARD = "gnu++0x";
				CLANG_CXX_LIBRARY = "libc++";
				CLANG_ENABLE_MODULES = YES;
				CLANG_ENABLE_OBJC_ARC = YES;
				CLANG_WARN_BOOL_CONVERSION = YES;
				CLANG_WARN_CONSTANT_CONVERSION = YES;
				CLANG_WARN_DIRECT_OBJC_ISA_USAGE = YES_ERROR;
				CLANG_WARN_EMPTY_BODY = YES;
				CLANG_WARN_ENUM_CONVERSION = YES;
				CLANG_WARN_INT_CONVERSION = YES;
				CLANG_WARN_OBJC_ROOT_CLASS = YES_ERROR;
				CLANG_WARN_UNREACHABLE_CODE = YES;
				CLANG_WARN__DUPLICATE_METHOD_MATCH = YES;
				"CODE_SIGN_IDENTITY[sdk=iphoneos*]" = "iPhone Developer";
				COPY_PHASE_STRIP = NO;
				DEBUG_INFORMATION_FORMAT = "dwarf-with-dsym";
				ENABLE_STRICT_OBJC_MSGSEND = YES;
				GCC_C_LANGUAGE_STANDARD = gnu99;
				GCC_DYNAMIC_NO_PIC = NO;
				GCC_NO_COMMON_BLOCKS = YES;
				GCC_OPTIMIZATION_LEVEL = 0;
				GCC_PREPROCESSOR_DEFINITIONS = (
					"DEBUG=1",
					"$(inherited)",
				);
				GCC_SYMBOLS_PRIVATE_EXTERN = NO;
				GCC_WARN_64_TO_32_BIT_CONVERSION = YES;
				GCC_WARN_ABOUT_RETURN_TYPE = YES_ERROR;
				GCC_WARN_UNDECLARED_SELECTOR = YES;
				GCC_WARN_UNINITIALIZED_AUTOS = YES_AGGRESSIVE;
				GCC_WARN_UNUSED_FUNCTION = YES;
				GCC_WARN_UNUSED_VARIABLE = YES;
				IPHONEOS_DEPLOYMENT_TARGET = 8.4;
				MTL_ENABLE_DEBUG_INFO = YES;
				ONLY_ACTIVE_ARCH = YES;
				SDKROOT = iphoneos;
			};
			name = Debug;
		};
		3F4309691B5F3A280064A43D /* Release */ = {
			isa = XCBuildConfiguration;
			buildSettings = {
				ALWAYS_SEARCH_USER_PATHS = NO;
				CLANG_CXX_LANGUAGE_STANDARD = "gnu++0x";
				CLANG_CXX_LIBRARY = "libc++";
				CLANG_ENABLE_MODULES = YES;
				CLANG_ENABLE_OBJC_ARC = YES;
				CLANG_WARN_BOOL_CONVERSION = YES;
				CLANG_WARN_CONSTANT_CONVERSION = YES;
				CLANG_WARN_DIRECT_OBJC_ISA_USAGE = YES_ERROR;
				CLANG_WARN_EMPTY_BODY = YES;
				CLANG_WARN_ENUM_CONVERSION = YES;
				CLANG_WARN_INT_CONVERSION = YES;
				CLANG_WARN_OBJC_ROOT_CLASS = YES_ERROR;
				CLANG_WARN_UNREACHABLE_CODE = YES;
				CLANG_WARN__DUPLICATE_METHOD_MATCH = YES;
				"CODE_SIGN_IDENTITY[sdk=iphoneos*]" = "iPhone Developer";
				COPY_PHASE_STRIP = NO;
				DEBUG_INFORMATION_FORMAT = "dwarf-with-dsym";
				ENABLE_NS_ASSERTIONS = NO;
				ENABLE_STRICT_OBJC_MSGSEND = YES;
				GCC_C_LANGUAGE_STANDARD = gnu99;
				GCC_NO_COMMON_BLOCKS = YES;
				GCC_WARN_64_TO_32_BIT_CONVERSION = YES;
				GCC_WARN_ABOUT_RETURN_TYPE = YES_ERROR;
				GCC_WARN_UNDECLARED_SELECTOR = YES;
				GCC_WARN_UNINITIALIZED_AUTOS = YES_AGGRESSIVE;
				GCC_WARN_UNUSED_FUNCTION = YES;
				GCC_WARN_UNUSED_VARIABLE = YES;
				IPHONEOS_DEPLOYMENT_TARGET = 8.4;
				MTL_ENABLE_DEBUG_INFO = NO;
				SDKROOT = iphoneos;
				VALIDATE_PRODUCT = YES;
			};
			name = Release;
		};
		3F43096B1B5F3A280064A43D /* Debug */ = {
			isa = XCBuildConfiguration;
			baseConfigurationReference = 4E7EBEBB84D30B8162713621 /* Pods.debug.xcconfig */;
			buildSettings = {
				ASSETCATALOG_COMPILER_APPICON_NAME = AppIcon;
				INFOPLIST_FILE = joyTV/Info.plist;
				LD_RUNPATH_SEARCH_PATHS = "$(inherited) @executable_path/Frameworks";
				PRODUCT_NAME = "$(TARGET_NAME)";
			};
			name = Debug;
		};
		3F43096C1B5F3A280064A43D /* Release */ = {
			isa = XCBuildConfiguration;
			baseConfigurationReference = 81A10B3DA3DFE53B3E6F4259 /* Pods.release.xcconfig */;
			buildSettings = {
				ASSETCATALOG_COMPILER_APPICON_NAME = AppIcon;
				INFOPLIST_FILE = joyTV/Info.plist;
				LD_RUNPATH_SEARCH_PATHS = "$(inherited) @executable_path/Frameworks";
				PRODUCT_NAME = "$(TARGET_NAME)";
			};
			name = Release;
		};
		3F43096E1B5F3A280064A43D /* Debug */ = {
			isa = XCBuildConfiguration;
			buildSettings = {
				BUNDLE_LOADER = "$(TEST_HOST)";
				FRAMEWORK_SEARCH_PATHS = (
					"$(SDKROOT)/Developer/Library/Frameworks",
					"$(inherited)",
				);
				GCC_PREPROCESSOR_DEFINITIONS = (
					"DEBUG=1",
					"$(inherited)",
				);
				INFOPLIST_FILE = joyTVTests/Info.plist;
				LD_RUNPATH_SEARCH_PATHS = "$(inherited) @executable_path/Frameworks @loader_path/Frameworks";
				PRODUCT_NAME = "$(TARGET_NAME)";
				TEST_HOST = "$(BUILT_PRODUCTS_DIR)/joyTV.app/joyTV";
			};
			name = Debug;
		};
		3F43096F1B5F3A280064A43D /* Release */ = {
			isa = XCBuildConfiguration;
			buildSettings = {
				BUNDLE_LOADER = "$(TEST_HOST)";
				FRAMEWORK_SEARCH_PATHS = (
					"$(SDKROOT)/Developer/Library/Frameworks",
					"$(inherited)",
				);
				INFOPLIST_FILE = joyTVTests/Info.plist;
				LD_RUNPATH_SEARCH_PATHS = "$(inherited) @executable_path/Frameworks @loader_path/Frameworks";
				PRODUCT_NAME = "$(TARGET_NAME)";
				TEST_HOST = "$(BUILT_PRODUCTS_DIR)/joyTV.app/joyTV";
			};
			name = Release;
		};
/* End XCBuildConfiguration section */

/* Begin XCConfigurationList section */
		3F4309421B5F3A280064A43D /* Build configuration list for PBXProject "joyTV" */ = {
			isa = XCConfigurationList;
			buildConfigurations = (
				3F4309681B5F3A280064A43D /* Debug */,
				3F4309691B5F3A280064A43D /* Release */,
			);
			defaultConfigurationIsVisible = 0;
			defaultConfigurationName = Release;
		};
		3F43096A1B5F3A280064A43D /* Build configuration list for PBXNativeTarget "joyTV" */ = {
			isa = XCConfigurationList;
			buildConfigurations = (
				3F43096B1B5F3A280064A43D /* Debug */,
				3F43096C1B5F3A280064A43D /* Release */,
			);
			defaultConfigurationIsVisible = 0;
			defaultConfigurationName = Release;
		};
		3F43096D1B5F3A280064A43D /* Build configuration list for PBXNativeTarget "joyTVTests" */ = {
			isa = XCConfigurationList;
			buildConfigurations = (
				3F43096E1B5F3A280064A43D /* Debug */,
				3F43096F1B5F3A280064A43D /* Release */,
			);
			defaultConfigurationIsVisible = 0;
			defaultConfigurationName = Release;
		};
/* End XCConfigurationList section */
	};
	rootObject = 3F43093F1B5F3A280064A43D /* Project object */;
}
